version = 1
revision = 2
requires-python = ">=3.10"

[[package]]
name = "ft300-s-stream"
version = "0.1.0"
source = { virtual = "." }
dependencies = [
    { name = "libscrc" },
    { name = "minimalmodbus" },
    { name = "pyserial" },
]

[package.metadata]
requires-dist = [
    { name = "libscrc", specifier = ">=1.8.1" },
    { name = "minimalmodbus", specifier = ">=2.1.1" },
    { name = "pyserial", specifier = ">=3.5" },
]

[[package]]
name = "libscrc"
version = "1.8.1"
source = { registry = "https://pypi.org/simple" }
dependencies = [
    { name = "wheel" },
]
sdist = { url = "https://files.pythonhosted.org/packages/c4/13/29a83d079607968de022555099a9de94d7428336afa6b8ec516e27c26a7a/libscrc-1.8.1.tar.gz", hash = "sha256:d7ba6bf23cfdeb3b729d0ad3795f6c6f97d8ea4155252e3ca9f14758702ba7c8", size = 41654, upload-time = "2022-08-18T15:23:57.752Z" }
wheels = [
    { url = "https://files.pythonhosted.org/packages/06/8e/aea348e769c0ca1045b23fe7f318950c80bf8a86ebc69d0bb1891abea7c7/libscrc-1.8.1-cp310-cp310-macosx_10_9_universal2.whl", hash = "sha256:f874b154e0db60ba3c8b7deb16f527d708a1e3fbe375cc46a8ae630e709b6e0b", size = 118760, upload-time = "2022-08-18T13:40:35.808Z" },
    { url = "https://files.pythonhosted.org/packages/00/f4/5dd535738606cdc38101ae8bb5e92d08c484e08152cabd6f287b0205fdbb/libscrc-1.8.1-cp310-cp310-manylinux_2_17_aarch64.manylinux2014_aarch64.whl", hash = "sha256:d0d132aa667af4c247251085d7053732430a427191ab855bd69a998cd4a60281", size = 185774, upload-time = "2022-08-18T12:52:04.42Z" },
    { url = "https://files.pythonhosted.org/packages/1a/7c/f10a09ab6fa4437d3647a43196715e0228aa50e9aa5e9498f873e6d2074b/libscrc-1.8.1-cp310-cp310-manylinux_2_17_armv7l.manylinux2014_armv7l.whl", hash = "sha256:867bfff8ce46c51af24122a417c55838ebc6c37f1bf2cbe94b9c8315cf571c19", size = 175263, upload-time = "2022-08-19T12:51:35.893Z" },
    { url = "https://files.pythonhosted.org/packages/57/24/028104da0b13ab6c4ace73ed75a33b3e8716b02adf099a984ba69607a033/libscrc-1.8.1-cp310-cp310-manylinux_2_5_x86_64.manylinux1_x86_64.whl", hash = "sha256:df42cccd8163ff18e05ca6a7ed86547bec7e48108245a08dc926f692ba42e0f1", size = 216677, upload-time = "2022-08-18T11:21:25.207Z" },
    { url = "https://files.pythonhosted.org/packages/2f/e7/2079ddf0a3070f5f1fc0f6b68520d0276f90ea3993467183136e46409c02/libscrc-1.8.1-cp310-cp310-musllinux_1_2_x86_64.whl", hash = "sha256:e0c70b8452ad4cc3dd84cac60788e57a923d22cc9648ced0f81d17d3ab74ca28", size = 598418, upload-time = "2022-09-17T14:05:20.597Z" },
    { url = "https://files.pythonhosted.org/packages/a9/f9/9d76f63eec70d7fb0ecddbfdfc00f1334fbca24e8c6328be35e874645d92/libscrc-1.8.1-cp310-cp310-win32.whl", hash = "sha256:8bc4b0182dff57083aa27d27e77b2087b44b6fa586682892895ac14c5723b456", size = 83414, upload-time = "2022-08-19T10:54:26.116Z" },
    { url = "https://files.pythonhosted.org/packages/ec/06/028077b3eb0ae26d6f749c8bde06964c5f3b8d60193b640241b1891f6d38/libscrc-1.8.1-cp310-cp310-win_amd64.whl", hash = "sha256:02049397b9b0e6e4df407aa18c2ef3bcc601bf7f90d2865c2ff836bd64c9c77c", size = 88381, upload-time = "2022-08-19T10:54:22.042Z" },
    { url = "https://files.pythonhosted.org/packages/53/ab/0911c57a655b840aab11c21982e13aa65d8b4e36e4d16e4bf1d51fd26e0b/libscrc-1.8.1-cp311-cp311-manylinux_2_5_x86_64.manylinux1_x86_64.whl", hash = "sha256:b9e68e4c56a2efd6f41d3b53f9dcf24c5c27d3a57681f026ff392227d006956c", size = 188710, upload-time = "2024-08-21T08:29:02.515Z" },
    { url = "https://files.pythonhosted.org/packages/d1/5a/1ee067f6d8572fca24b351ac66683e242bb8e7a2286729371a2b4f6518f5/libscrc-1.8.1-cp312-cp312-manylinux_2_5_x86_64.manylinux1_x86_64.whl", hash = "sha256:7fcea5baa30380349631464900d597109de5002c4a7d9adb0aad86ba47cb4665", size = 189634, upload-time = "2024-08-21T09:18:44.046Z" },
]

[[package]]
name = "minimalmodbus"
version = "2.1.1"
source = { registry = "https://pypi.org/simple" }
dependencies = [
    { name = "pyserial" },
]
sdist = { url = "https://files.pythonhosted.org/packages/37/fc/8a58f7bcdece751f16a4a9aac780acd1288aa8ac6adbffdd764c88fb71c6/minimalmodbus-2.1.1.tar.gz", hash = "sha256:c3f5a56e107d537e4bb420f7e735841ab2939c8ca6fb528f5fe4124571315b64", size = 102512, upload-time = "2023-07-17T19:51:19.184Z" }
wheels = [
    { url = "https://files.pythonhosted.org/packages/25/7b/b73ba3ec36687341e37a1c9df0ebec3e3b2b0f8d6ae14e109ec5076ebe58/minimalmodbus-2.1.1-py3-none-any.whl", hash = "sha256:75c677e2f3ea901b762f8b2ab7cf8ad84de915bbea275d66e30b724e23887b1a", size = 32335, upload-time = "2023-07-17T19:51:16.707Z" },
]

[[package]]
name = "pyserial"
version = "3.5"
source = { registry = "https://pypi.org/simple" }
sdist = { url = "https://files.pythonhosted.org/packages/1e/7d/ae3f0a63f41e4d2f6cb66a5b57197850f919f59e558159a4dd3a818f5082/pyserial-3.5.tar.gz", hash = "sha256:3c77e014170dfffbd816e6ffc205e9842efb10be9f58ec16d3e8675b4925cddb", size = 159125, upload-time = "2020-11-23T03:59:15.045Z" }
wheels = [
    { url = "https://files.pythonhosted.org/packages/07/bc/587a445451b253b285629263eb51c2d8e9bcea4fc97826266d186f96f558/pyserial-3.5-py2.py3-none-any.whl", hash = "sha256:c4451db6ba391ca6ca299fb3ec7bae67a5c55dde170964c7a14ceefec02f2cf0", size = 90585, upload-time = "2020-11-23T03:59:13.41Z" },
]

[[package]]
name = "wheel"
version = "0.45.1"
source = { registry = "https://pypi.org/simple" }
sdist = { url = "https://files.pythonhosted.org/packages/8a/98/2d9906746cdc6a6ef809ae6338005b3f21bb568bea3165cfc6a243fdc25c/wheel-0.45.1.tar.gz", hash = "sha256:661e1abd9198507b1409a20c02106d9670b2576e916d58f520316666abca6729", size = 107545, upload-time = "2024-11-23T00:18:23.513Z" }
wheels = [
    { url = "https://files.pythonhosted.org/packages/0b/2c/87f3254fd8ffd29e4c02732eee68a83a1d3c346ae39bc6822dcbcb697f2b/wheel-0.45.1-py3-none-any.whl", hash = "sha256:708e7481cc80179af0e556bbf0cc00b8444c7321e2700b8d8580231d13017248", size = 72494, upload-time = "2024-11-23T00:18:21.207Z" },
]
